{
  "version": "4",
  "specifiers": {
    "npm:@peculiar/x509@1.12.3": "1.12.3",
    "npm:jose@5.9.6": "5.9.6"
  },
  "npm": {
    "@peculiar/asn1-cms@2.7.0": {
      "integrity": "sha512-hew63shtzzvBcSHbhm+cyAmKe6AIfinT9hzEqSPjDC6opTTMKmTkQ0gHuN2KsWlvqiKw1S/fS94fhag/FJkioQ==",
      "dependencies": [
        "@peculiar/asn1-schema",
        "@peculiar/asn1-x509",
        "@peculiar/asn1-x509-attr",
        "asn1js",
        "tslib@2.8.1"
      ]
    },
    "@peculiar/asn1-csr@2.7.0": {
      "integrity": "sha512-VVsAyGqErT9D1SY4aEqozThXMVI+ssVRiv2DDeYuvpBKLIgZ3hYs3Ay3u/VSoKq6ESFi9cf6rf3IOOzfwh7oMA==",
      "dependencies": [
        "@peculiar/asn1-schema",
        "@peculiar/asn1-x509",
        "asn1js",
        "tslib@2.8.1"
      ]
    },
    "@peculiar/asn1-ecc@2.7.0": {
      "integrity": "sha512-n7KEs/Q/wrB415cxy4fHOBhegp4NdJ15fkJPwcB/3/8iNBQC2L/N7SChJPKDJPZGYH0jD4Tg4/0vnHmwghnbKw==",
      "dependencies": [
        "@peculiar/asn1-schema",
        "@peculiar/asn1-x509",
        "asn1js",
        "tslib@2.8.1"
      ]
    },
    "@peculiar/asn1-pfx@2.7.0": {
      "integrity": "sha512-V/nrlQVmhg7lYAsM7E13UDL5erAwFv6kCIVFqNaMIHSVi7dngcT839JkRTkQBqznMG98l2XjxYk74ZztAohZzA==",
      "dependencies": [
        "@peculiar/asn1-cms",
        "@peculiar/asn1-pkcs8",
        "@peculiar/asn1-rsa",
        "@peculiar/asn1-schema",
        "asn1js",
        "tslib@2.8.1"
      ]
    },
    "@peculiar/asn1-pkcs8@2.7.0": {
      "integrity": "sha512-9GTl1nE8Mx1kTZ+7QyYatDyKsm34QcWRBFkY1iPvWC3X4Dona5s/tlLiQsx5WzVdZqiMBZNYT0buyw4/vbhnjw==",
      "dependencies": [
        "@peculiar/asn1-schema",
        "@peculiar/asn1-x509",
        "asn1js",
        "tslib@2.8.1"
      ]
    },
    "@peculiar/asn1-pkcs9@2.7.0": {
      "integrity": "sha512-Bh7m+OuIaSEllPQcSd9OSp93F4ROWH7sbITWV8MI+8dwsjE5111/87VxiWVvYFKyww3vp39geLv9ENqhwWHcew==",
      "dependencies": [
        "@peculiar/asn1-cms",
        "@peculiar/asn1-pfx",
        "@peculiar/asn1-pkcs8",
        "@peculiar/asn1-schema",
        "@peculiar/asn1-x509",
        "@peculiar/asn1-x509-attr",
        "asn1js",
        "tslib@2.8.1"
      ]
    },
    "@peculiar/asn1-rsa@2.7.0": {
      "integrity": "sha512-/qvENQrXyTZURjMqSeofHul0JJt2sNSzSwk36pl2olkHbaioMQgrASDZAlHXl0xUlnVbHj0uGgOrBMTb5x2aJQ==",
      "dependencies": [
        "@peculiar/asn1-schema",
        "@peculiar/asn1-x509",
        "asn1js",
        "tslib@2.8.1"
      ]
    },
    "@peculiar/asn1-schema@2.7.0": {
      "integrity": "sha512-W8ZfWzLmQnrcky+eh3tni4IozMdqBDiHWU0N+vve/UGjMaUs8c0L7A2oEdkBXS8rTpWDpK/aoI3DG/L/hxmxPg==",
      "dependencies": [
        "@peculiar/utils",
        "asn1js",
        "tslib@2.8.1"
      ]
    },
    "@peculiar/asn1-x509-attr@2.7.0": {
      "integrity": "sha512-NS8e7SOgXipkzUPLF/sce7ukpMpWjhxYsH0n6Y+bHYo4TTxOb95Zv7hqwSuL212mj5YxovjdOKQOgH1As3E94w==",
      "dependencies": [
        "@peculiar/asn1-schema",
        "@peculiar/asn1-x509",
        "asn1js",
        "tslib@2.8.1"
      ]
    },
    "@peculiar/asn1-x509@2.7.0": {
      "integrity": "sha512-mUn9RRrkGDnG4ALfunDmzyRW5dg+sWCj/pfnCCqEHYbkGxEpvUt6iVJv8Yw1cyp6SWZ26ZE5oSmI5SqEaen15g==",
      "dependencies": [
        "@peculiar/asn1-schema",
        "@peculiar/utils",
        "asn1js",
        "tslib@2.8.1"
      ]
    },
    "@peculiar/utils@2.0.3": {
      "integrity": "sha512-+oL3HPFRIZ1St2K50lWCXiioIgSoxzz7R1J3uF6neO2yl1sgmpgY6XXJH4BdpoDkMWznQTeYF6oWNDZLCdQ4eQ==",
      "dependencies": [
        "tslib@2.8.1"
      ]
    },
    "@peculiar/x509@1.12.3": {
      "integrity": "sha512-+Mzq+W7cNEKfkNZzyLl6A6ffqc3r21HGZUezgfKxpZrkORfOqgRXnS80Zu0IV6a9Ue9QBJeKD7kN0iWfc3bhRQ==",
      "dependencies": [
        "@peculiar/asn1-cms",
        "@peculiar/asn1-csr",
        "@peculiar/asn1-ecc",
        "@peculiar/asn1-pkcs9",
        "@peculiar/asn1-rsa",
        "@peculiar/asn1-schema",
        "@peculiar/asn1-x509",
        "pvtsutils",
        "reflect-metadata",
        "tslib@2.8.1",
        "tsyringe"
      ]
    },
    "asn1js@3.0.10": {
      "integrity": "sha512-S2s3aOytiKdFRdulw2qPE51MzjzVOisppcVv7jVFR+Kw0kxwvFrDcYA0h7Ndqbmj0HkMIXYWaoj7fli8kgx1eg==",
      "dependencies": [
        "pvtsutils",
        "pvutils",
        "tslib@2.8.1"
      ]
    },
    "jose@5.9.6": {
      "integrity": "sha512-AMlnetc9+CV9asI19zHmrgS/WYsWUwCn2R7RzlbJWD7F9eWYUTGyBmU9o6PxngtLGOiDGPRu+Uc4fhKzbpteZQ=="
    },
    "pvtsutils@1.3.6": {
      "integrity": "sha512-PLgQXQ6H2FWCaeRak8vvk1GW462lMxB5s3Jm673N82zI4vqtVUPuZdffdZbPDFRoU8kAhItWFtPCWiPpp4/EDg==",
      "dependencies": [
        "tslib@2.8.1"
      ]
    },
    "pvutils@1.1.5": {
      "integrity": "sha512-KTqnxsgGiQ6ZAzZCVlJH5eOjSnvlyEgx1m8bkRJfOhmGRqfo5KLvmAlACQkrjEtOQ4B7wF9TdSLIs9O90MX9xA=="
    },
    "reflect-metadata@0.2.2": {
      "integrity": "sha512-urBwgfrvVP/eAyXx4hluJivBKzuEbSQs9rKWCrCkbSxNv8mxPcUZKeuoF3Uy4mJl3Lwprp6yy5/39VWigZ4K6Q=="
    },
    "tslib@1.14.1": {
      "integrity": "sha512-Xni35NKzjgMrwevysHTCArtLDpPvye8zV/0E4EyYn43P7/7qvQwPh9BGkHewbMulVntbigmcT7rdX3BNo9wRJg=="
    },
    "tslib@2.8.1": {
      "integrity": "sha512-oJFu94HQb+KVduSUQL7wnpmqnfmLsOA/nAh6b6EH0wCEoK0/mPeXU6c3wKDV83MkOuHPRHtSXKKU99IBazS/2w=="
    },
    "tsyringe@4.10.0": {
      "integrity": "sha512-axr3IdNuVIxnaK5XGEUFTu3YmAQ6lllgrvqfEoR16g/HGnYY/6We4oWENtAnzK6/LpJ2ur9PAb80RBt7/U4ugw==",
      "dependencies": [
        "tslib@1.14.1"
      ]
    }
  },
  "remote": {
    "https://deno.land/std@0.224.0/assert/_constants.ts": "a271e8ef5a573f1df8e822a6eb9d09df064ad66a4390f21b3e31f820a38e0975",
    "https://deno.land/std@0.224.0/assert/assert.ts": "09d30564c09de846855b7b071e62b5974b001bb72a4b797958fe0660e7849834",
    "https://deno.land/std@0.224.0/assert/assert_almost_equals.ts": "9e416114322012c9a21fa68e187637ce2d7df25bcbdbfd957cd639e65d3cf293",
    "https://deno.land/std@0.224.0/assert/assert_array_includes.ts": "14c5094471bc8e4a7895fc6aa5a184300d8a1879606574cb1cd715ef36a4a3c7",
    "https://deno.land/std@0.224.0/assert/assert_equals.ts": "3bbca947d85b9d374a108687b1a8ba3785a7850436b5a8930d81f34a32cb8c74",
    "https://deno.land/std@0.224.0/assert/assert_exists.ts": "43420cf7f956748ae6ed1230646567b3593cb7a36c5a5327269279c870c5ddfd",
    "https://deno.land/std@0.224.0/assert/assert_false.ts": "3e9be8e33275db00d952e9acb0cd29481a44fa0a4af6d37239ff58d79e8edeff",
    "https://deno.land/std@0.224.0/assert/assert_greater.ts": "5e57b201fd51b64ced36c828e3dfd773412c1a6120c1a5a99066c9b261974e46",
    "https://deno.land/std@0.224.0/assert/assert_greater_or_equal.ts": "9870030f997a08361b6f63400273c2fb1856f5db86c0c3852aab2a002e425c5b",
    "https://deno.land/std@0.224.0/assert/assert_instance_of.ts": "e22343c1fdcacfaea8f37784ad782683ec1cf599ae9b1b618954e9c22f376f2c",
    "https://deno.land/std@0.224.0/assert/assert_is_error.ts": "f856b3bc978a7aa6a601f3fec6603491ab6255118afa6baa84b04426dd3cc491",
    "https://deno.land/std@0.224.0/assert/assert_less.ts": "60b61e13a1982865a72726a5fa86c24fad7eb27c3c08b13883fb68882b307f68",
    "https://deno.land/std@0.224.0/assert/assert_less_or_equal.ts": "d2c84e17faba4afe085e6c9123a63395accf4f9e00150db899c46e67420e0ec3",
    "https://deno.land/std@0.224.0/assert/assert_match.ts": "ace1710dd3b2811c391946954234b5da910c5665aed817943d086d4d4871a8b7",
    "https://deno.land/std@0.224.0/assert/assert_not_equals.ts": "78d45dd46133d76ce624b2c6c09392f6110f0df9b73f911d20208a68dee2ef29",
    "https://deno.land/std@0.224.0/assert/assert_not_instance_of.ts": "3434a669b4d20cdcc5359779301a0588f941ffdc2ad68803c31eabdb4890cf7a",
    "https://deno.land/std@0.224.0/assert/assert_not_match.ts": "df30417240aa2d35b1ea44df7e541991348a063d9ee823430e0b58079a72242a",
    "https://deno.land/std@0.224.0/assert/assert_not_strict_equals.ts": "37f73880bd672709373d6dc2c5f148691119bed161f3020fff3548a0496f71b8",
    "https://deno.land/std@0.224.0/assert/assert_object_match.ts": "411450fd194fdaabc0089ae68f916b545a49d7b7e6d0026e84a54c9e7eed2693",
    "https://deno.land/std@0.224.0/assert/assert_rejects.ts": "4bee1d6d565a5b623146a14668da8f9eb1f026a4f338bbf92b37e43e0aa53c31",
    "https://deno.land/std@0.224.0/assert/assert_strict_equals.ts": "b4f45f0fd2e54d9029171876bd0b42dd9ed0efd8f853ab92a3f50127acfa54f5",
    "https://deno.land/std@0.224.0/assert/assert_string_includes.ts": "496b9ecad84deab72c8718735373feb6cdaa071eb91a98206f6f3cb4285e71b8",
    "https://deno.land/std@0.224.0/assert/assert_throws.ts": "c6508b2879d465898dab2798009299867e67c570d7d34c90a2d235e4553906eb",
    "https://deno.land/std@0.224.0/assert/assertion_error.ts": "ba8752bd27ebc51f723702fac2f54d3e94447598f54264a6653d6413738a8917",
    "https://deno.land/std@0.224.0/assert/equal.ts": "bddf07bb5fc718e10bb72d5dc2c36c1ce5a8bdd3b647069b6319e07af181ac47",
    "https://deno.land/std@0.224.0/assert/fail.ts": "0eba674ffb47dff083f02ced76d5130460bff1a9a68c6514ebe0cdea4abadb68",
    "https://deno.land/std@0.224.0/assert/mod.ts": "48b8cb8a619ea0b7958ad7ee9376500fe902284bb36f0e32c598c3dc34cbd6f3",
    "https://deno.land/std@0.224.0/assert/unimplemented.ts": "8c55a5793e9147b4f1ef68cd66496b7d5ba7a9e7ca30c6da070c1a58da723d73",
    "https://deno.land/std@0.224.0/assert/unreachable.ts": "5ae3dbf63ef988615b93eb08d395dda771c96546565f9e521ed86f6510c29e19",
    "https://deno.land/std@0.224.0/fmt/colors.ts": "508563c0659dd7198ba4bbf87e97f654af3c34eb56ba790260f252ad8012e1c5",
    "https://deno.land/std@0.224.0/internal/diff.ts": "6234a4b493ebe65dc67a18a0eb97ef683626a1166a1906232ce186ae9f65f4e6",
    "https://deno.land/std@0.224.0/internal/format.ts": "0a98ee226fd3d43450245b1844b47003419d34d210fa989900861c79820d21c2",
    "https://deno.land/std@0.224.0/internal/mod.ts": "534125398c8e7426183e12dc255bb635d94e06d0f93c60a297723abe69d3b22e"
  }
}
